
Microsoft Visual Studio Solution File, Format Version 12.00
# Visual Studio Version 16
VisualStudioVersion = 16.0.31702.278
MinimumVisualStudioVersion = 10.0.40219.1
Project("{F184B08F-C81C-45F6-A57F-5ABD9991F28F}") = "PRC2-Midterms", "PRC2-Midterms.vbproj", "{E9621586-09C1-4BDC-B140-8A8E3D6F80DB}"
EndProject
Global
	GlobalSection(SolutionConfigurationPlatforms) = preSolution
		Debug|Any CPU = Debug|Any CPU
		Release|Any CPU = Release|Any CPU
	EndGlobalSection
	GlobalSection(ProjectConfigurationPlatforms) = postSolution
		{E9621586-09C1-4BDC-B140-8A8E3D6F80DB}.Debug|Any CPU.ActiveCfg = Debug|Any CPU
		{E9621586-09C1-4BDC-B140-8A8E3D6F80DB}.Debug|Any CPU.Build.0 = Debug|Any CPU
		{E9621586-09C1-4BDC-B140-8A8E3D6F80DB}.Release|Any CPU.ActiveCfg = Release|Any CPU
		{E9621586-09C1-4BDC-B140-8A8E3D6F80DB}.Release|Any CPU.Build.0 = Release|Any CPU
	EndGlobalSection
	GlobalSection(SolutionProperties) = preSolution
		HideSolutionNode = FALSE
	EndGlobalSection
	GlobalSection(ExtensibilityGlobals) = postSolution
		SolutionGuid = {F156D3DB-2599-4838-88BB-FF054203BBDA}
	EndGlobalSection
EndGlobal
